{
  "name": "sundog",
  "version": "1.0.0",
  "lockfileVersion": 1,
  "requires": true,
  "dependencies": {
    "balanced-match": {
      "version": "1.0.0",
      "resolved": "https://registry.npmjs.org/balanced-match/-/balanced-match-1.0.0.tgz",
      "integrity": "sha1-ibTRmasr7kneFk6gK4nORi1xt2c="
    },
    "brace-expansion": {
      "version": "1.1.11",
      "resolved": "https://registry.npmjs.org/brace-expansion/-/brace-expansion-1.1.11.tgz",
      "integrity": "sha512-iCuPHDFgrHX7H2vEI/5xpz07zSHB00TpugqhmYtVmMO6518mCuRMoOYFldEBl0g187ufozdaHgWKcYFb61qGiA==",
      "requires": {
        "balanced-match": "1.0.0",
        "concat-map": "0.0.1"
      }
    },
    "concat-map": {
      "version": "0.0.1",
      "resolved": "https://registry.npmjs.org/concat-map/-/concat-map-0.0.1.tgz",
      "integrity": "sha1-2Klr13/Wjfd5OnMDajug1UBdR3s="
    },
    "mime": {
      "version": "2.3.1",
      "resolved": "https://registry.npmjs.org/mime/-/mime-2.3.1.tgz",
      "integrity": "sha512-OEUllcVoydBHGN1z84yfQDimn58pZNNNXgZlHXSboxMlFvgI6MXSWpWKpFRra7H1HxpVhHTkrghfRW49k6yjeg=="
    },
    "minimatch": {
      "version": "2.0.10",
      "resolved": "https://registry.npmjs.org/minimatch/-/minimatch-2.0.10.tgz",
      "integrity": "sha1-jQh8OcazjAAbl/ynzm0OHoCvusc=",
      "requires": {
        "brace-expansion": "1.1.11"
      }
    },
    "panda-garden": {
      "version": "3.0.4",
      "resolved": "https://registry.npmjs.org/panda-garden/-/panda-garden-3.0.4.tgz",
      "integrity": "sha512-HEw+MpLWVs9My/e9+XkhRTRy4q4y9wRzU0WMFHPBMZQ8imWUAhBgNLLHl7SS6pV2N/qytxC/h1R9Ml/oeyxvzQ=="
    },
    "panda-generics": {
      "version": "4.0.2",
      "resolved": "https://registry.npmjs.org/panda-generics/-/panda-generics-4.0.2.tgz",
      "integrity": "sha512-E6IRLvBTZap1LUAqB0lLpxz9UulX4rCa4PAGUZghepnuF0yHv7uuoLpZgWpYLowQDYdWWwq1w9fHdhSGFFHYjA=="
    },
    "panda-parchment": {
      "version": "4.0.4",
      "resolved": "https://registry.npmjs.org/panda-parchment/-/panda-parchment-4.0.4.tgz",
      "integrity": "sha512-6spJ/erDL/+biVEKOrt6qq8aUzrhGg0TbrD/PTtrG9pDgai8+4WD8ZCji4nk/VpCB9LMgn0F3YImxyzm7d+Mdg==",
      "requires": {
        "panda-garden": "3.0.4",
        "panda-generics": "4.0.2"
      }
    },
    "panda-quill": {
      "version": "3.1.1",
      "resolved": "https://registry.npmjs.org/panda-quill/-/panda-quill-3.1.1.tgz",
      "integrity": "sha512-Mq56hb+NTU+sp7A66uHtDP+gqneocVpAE01Zd5b3fo+Te4OkE2xBnA/76iNbD/E5Hz30gafiMXWUwhFU+6zHZg==",
      "requires": {
        "minimatch": "2.0.10",
        "panda-garden": "1.0.0",
        "panda-generics": "4.0.2",
        "panda-parchment": "4.0.4"
      },
      "dependencies": {
        "panda-garden": {
          "version": "1.0.0",
          "resolved": "https://registry.npmjs.org/panda-garden/-/panda-garden-1.0.0.tgz",
          "integrity": "sha512-vTieWhd1sKWxk0050zdu1kgTd3ZjpXlab6Foz9Un2OJduXLMS4qoMgRSM9NpvxnpOx7UlGhxjqT1InOT6zL7TA=="
        }
      }
    }
  }
}
